
Microsoft Visual Studio Solution File, Format Version 12.00
# Visual Studio 15
Project("{FAE04EC0-301F-11D3-BF4B-00C04F79EFBC}") = "Assembly-CSharp", "Assembly-CSharp.csproj", "{D2FFE4B6-F906-3C99-AB1F-D487FFBFF5B3}"
EndProject
Project("{FAE04EC0-301F-11D3-BF4B-00C04F79EFBC}") = "Assembly-CSharp-firstpass", "Assembly-CSharp-firstpass.csproj", "{B3597E13-C769-5E76-C5E3-AD9A0B4ECDE3}"
EndProject
Global
	GlobalSection(SolutionConfigurationPlatforms) = preSolution
		Debug|Any CPU = Debug|Any CPU
		Release|Any CPU = Release|Any CPU
	EndGlobalSection
	GlobalSection(ProjectConfigurationPlatforms) = postSolution
		{D2FFE4B6-F906-3C99-AB1F-D487FFBFF5B3}.Debug|Any CPU.ActiveCfg = Debug|Any CPU
		{D2FFE4B6-F906-3C99-AB1F-D487FFBFF5B3}.Debug|Any CPU.Build.0 = Debug|Any CPU
		{D2FFE4B6-F906-3C99-AB1F-D487FFBFF5B3}.Release|Any CPU.ActiveCfg = Release|Any CPU
		{D2FFE4B6-F906-3C99-AB1F-D487FFBFF5B3}.Release|Any CPU.Build.0 = Release|Any CPU
		{B3597E13-C769-5E76-C5E3-AD9A0B4ECDE3}.Debug|Any CPU.ActiveCfg = Debug|Any CPU
		{B3597E13-C769-5E76-C5E3-AD9A0B4ECDE3}.Debug|Any CPU.Build.0 = Debug|Any CPU
		{B3597E13-C769-5E76-C5E3-AD9A0B4ECDE3}.Release|Any CPU.ActiveCfg = Release|Any CPU
		{B3597E13-C769-5E76-C5E3-AD9A0B4ECDE3}.Release|Any CPU.Build.0 = Release|Any CPU
	EndGlobalSection
	GlobalSection(SolutionProperties) = preSolution
		HideSolutionNode = FALSE
	EndGlobalSection
EndGlobal
